
Microsoft Visual Studio Solution File, Format Version 12.00
# Visual Studio 14
VisualStudioVersion = 14.0.25420.1
MinimumVisualStudioVersion = 10.0.40219.1
Project("{E24C65DC-7377-472B-9ABA-BC803B73C61A}") = "WebSite6", "..\WebSite6\", "{655D4C43-FFD9-49FE-9580-27EE2787E0FA}"
	ProjectSection(WebsiteProperties) = preProject
		TargetFrameworkMoniker = ".NETFramework,Version%3Dv4.5.2"
		Debug.AspNetCompiler.VirtualPath = "/localhost_5495"
		Debug.AspNetCompiler.PhysicalPath = "..\WebSite6\"
		Debug.AspNetCompiler.TargetPath = "PrecompiledWeb\localhost_5495\"
		Debug.AspNetCompiler.Updateable = "true"
		Debug.AspNetCompiler.ForceOverwrite = "true"
		Debug.AspNetCompiler.FixedNames = "false"
		Debug.AspNetCompiler.Debug = "True"
		Release.AspNetCompiler.VirtualPath = "/localhost_5495"
		Release.AspNetCompiler.PhysicalPath = "..\WebSite6\"
		Release.AspNetCompiler.TargetPath = "PrecompiledWeb\localhost_5495\"
		Release.AspNetCompiler.Updateable = "true"
		Release.AspNetCompiler.ForceOverwrite = "true"
		Release.AspNetCompiler.FixedNames = "false"
		Release.AspNetCompiler.Debug = "False"
		VWDPort = "5495"
		SlnRelativePath = "..\WebSite6\"
	EndProjectSection
EndProject
Global
	GlobalSection(SolutionConfigurationPlatforms) = preSolution
		Debug|Any CPU = Debug|Any CPU
	EndGlobalSection
	GlobalSection(ProjectConfigurationPlatforms) = postSolution
		{655D4C43-FFD9-49FE-9580-27EE2787E0FA}.Debug|Any CPU.ActiveCfg = Debug|Any CPU
		{655D4C43-FFD9-49FE-9580-27EE2787E0FA}.Debug|Any CPU.Build.0 = Debug|Any CPU
	EndGlobalSection
	GlobalSection(SolutionProperties) = preSolution
		HideSolutionNode = FALSE
	EndGlobalSection
EndGlobal
